
Microsoft Visual Studio Solution File, Format Version 12.00
# Visual Studio Version 17
VisualStudioVersion = 17.9.34622.214
MinimumVisualStudioVersion = 10.0.40219.1
Project("{FAE04EC0-301F-11D3-BF4B-00C04F79EFBC}") = "Atividade_eventos1", "Atividade_eventos1\Atividade_eventos1.csproj", "{AFCCACD9-8234-4312-A45C-28FCCF8F91BC}"
EndProject
Global
	GlobalSection(SolutionConfigurationPlatforms) = preSolution
		Debug|Any CPU = Debug|Any CPU
		Release|Any CPU = Release|Any CPU
	EndGlobalSection
	GlobalSection(ProjectConfigurationPlatforms) = postSolution
		{AFCCACD9-8234-4312-A45C-28FCCF8F91BC}.Debug|Any CPU.ActiveCfg = Debug|Any CPU
		{AFCCACD9-8234-4312-A45C-28FCCF8F91BC}.Debug|Any CPU.Build.0 = Debug|Any CPU
		{AFCCACD9-8234-4312-A45C-28FCCF8F91BC}.Release|Any CPU.ActiveCfg = Release|Any CPU
		{AFCCACD9-8234-4312-A45C-28FCCF8F91BC}.Release|Any CPU.Build.0 = Release|Any CPU
	EndGlobalSection
	GlobalSection(SolutionProperties) = preSolution
		HideSolutionNode = FALSE
	EndGlobalSection
	GlobalSection(ExtensibilityGlobals) = postSolution
		SolutionGuid = {21EEBD46-6ABA-449E-9598-DE3C56A86E4C}
	EndGlobalSection
EndGlobal
